
Microsoft Visual Studio Solution File, Format Version 12.00
# Visual Studio 15
VisualStudioVersion = 15.0.28307.572
MinimumVisualStudioVersion = 10.0.40219.1
Project("{9A19103F-16F7-4668-BE54-9A1E7A4F7556}") = "Catalog.Api", "Catalog.Api\Catalog.Api.csproj", "{CA66040A-09B0-4D35-8BFB-0E4D7838707A}"
EndProject
Project("{E53339B2-1760-4266-BCC7-CA923CBCF16C}") = "docker-compose", "docker-compose.dcproj", "{A9B3B098-1948-4E0F-92A2-06B6CAAA642E}"
EndProject
Global
	GlobalSection(SolutionConfigurationPlatforms) = preSolution
		Debug|Any CPU = Debug|Any CPU
		Release|Any CPU = Release|Any CPU
	EndGlobalSection
	GlobalSection(ProjectConfigurationPlatforms) = postSolution
		{CA66040A-09B0-4D35-8BFB-0E4D7838707A}.Debug|Any CPU.ActiveCfg = Debug|Any CPU
		{CA66040A-09B0-4D35-8BFB-0E4D7838707A}.Debug|Any CPU.Build.0 = Debug|Any CPU
		{CA66040A-09B0-4D35-8BFB-0E4D7838707A}.Release|Any CPU.ActiveCfg = Release|Any CPU
		{CA66040A-09B0-4D35-8BFB-0E4D7838707A}.Release|Any CPU.Build.0 = Release|Any CPU
		{A9B3B098-1948-4E0F-92A2-06B6CAAA642E}.Debug|Any CPU.ActiveCfg = Debug|Any CPU
		{A9B3B098-1948-4E0F-92A2-06B6CAAA642E}.Debug|Any CPU.Build.0 = Debug|Any CPU
		{A9B3B098-1948-4E0F-92A2-06B6CAAA642E}.Release|Any CPU.ActiveCfg = Release|Any CPU
		{A9B3B098-1948-4E0F-92A2-06B6CAAA642E}.Release|Any CPU.Build.0 = Release|Any CPU
	EndGlobalSection
	GlobalSection(SolutionProperties) = preSolution
		HideSolutionNode = FALSE
	EndGlobalSection
	GlobalSection(ExtensibilityGlobals) = postSolution
		SolutionGuid = {6B67C0E1-2BAD-42D9-B3BC-48FDA2D1DE4C}
	EndGlobalSection
EndGlobal
